
Microsoft Visual Studio Solution File, Format Version 12.00
# Visual Studio Version 17
VisualStudioVersion = 17.3.32819.101
MinimumVisualStudioVersion = 10.0.40219.1
Project("{FAE04EC0-301F-11D3-BF4B-00C04F79EFBC}") = "Music", "Lab1Lib\Music.csproj", "{E541A029-E4D0-4AA4-B937-BF5B9CAE5362}"
EndProject
Project("{FAE04EC0-301F-11D3-BF4B-00C04F79EFBC}") = "TV", "Lab2Lib\TV.csproj", "{2BC887ED-2AA2-4856-AF6F-AB2E1FF2D50E}"
EndProject
Project("{FAE04EC0-301F-11D3-BF4B-00C04F79EFBC}") = "Camera", "Lab3Lib\Camera.csproj", "{F02E6CCE-1045-4113-BA7E-0B3FB8AC3BC3}"
EndProject
Project("{2150E333-8FDC-42A3-9474-1A3956D46DE8}") = "task1", "task1", "{292EB929-793A-4EF9-8D86-71B2771B38F1}"
EndProject
Project("{2150E333-8FDC-42A3-9474-1A3956D46DE8}") = "task2", "task2", "{BFE48C84-8D42-4A99-9BE8-3D9D484C695C}"
EndProject
Project("{2150E333-8FDC-42A3-9474-1A3956D46DE8}") = "task3", "task3", "{5C15C5F6-F4D1-4BF5-B0C8-25F4A35E841B}"
EndProject
Project("{2150E333-8FDC-42A3-9474-1A3956D46DE8}") = "task4", "task4", "{28976143-DEB6-43BB-ACC8-ED627DB17023}"
EndProject
Project("{FAE04EC0-301F-11D3-BF4B-00C04F79EFBC}") = "Forms", "Forms1\Forms.csproj", "{1082E2D3-C8B8-4771-B24B-E84D083CA2FD}"
EndProject
Project("{FAE04EC0-301F-11D3-BF4B-00C04F79EFBC}") = "Forms", "Forms2\Forms.csproj", "{652E5FE6-1C3C-4D4B-8A66-CC9605C1A6C3}"
EndProject
Project("{FAE04EC0-301F-11D3-BF4B-00C04F79EFBC}") = "Forms", "Forms3\Forms.csproj", "{135E7A65-E373-455E-8331-A9D91FADF530}"
EndProject
Project("{9A19103F-16F7-4668-BE54-9A1E7A4F7556}") = "Forms", "Forms4\Forms.csproj", "{EBE615A2-713C-49AF-8411-6D722FCC1CA9}"
EndProject
Project("{9A19103F-16F7-4668-BE54-9A1E7A4F7556}") = "Camera", "Lab4Lib\Camera.csproj", "{77827D7F-7EB9-41D2-AC2E-CEF19E1A577B}"
EndProject
Global
	GlobalSection(SolutionConfigurationPlatforms) = preSolution
		Debug|Any CPU = Debug|Any CPU
		Release|Any CPU = Release|Any CPU
	EndGlobalSection
	GlobalSection(ProjectConfigurationPlatforms) = postSolution
		{E541A029-E4D0-4AA4-B937-BF5B9CAE5362}.Debug|Any CPU.ActiveCfg = Debug|Any CPU
		{E541A029-E4D0-4AA4-B937-BF5B9CAE5362}.Debug|Any CPU.Build.0 = Debug|Any CPU
		{E541A029-E4D0-4AA4-B937-BF5B9CAE5362}.Release|Any CPU.ActiveCfg = Release|Any CPU
		{E541A029-E4D0-4AA4-B937-BF5B9CAE5362}.Release|Any CPU.Build.0 = Release|Any CPU
		{2BC887ED-2AA2-4856-AF6F-AB2E1FF2D50E}.Debug|Any CPU.ActiveCfg = Debug|Any CPU
		{2BC887ED-2AA2-4856-AF6F-AB2E1FF2D50E}.Debug|Any CPU.Build.0 = Debug|Any CPU
		{2BC887ED-2AA2-4856-AF6F-AB2E1FF2D50E}.Release|Any CPU.ActiveCfg = Release|Any CPU
		{2BC887ED-2AA2-4856-AF6F-AB2E1FF2D50E}.Release|Any CPU.Build.0 = Release|Any CPU
		{F02E6CCE-1045-4113-BA7E-0B3FB8AC3BC3}.Debug|Any CPU.ActiveCfg = Debug|Any CPU
		{F02E6CCE-1045-4113-BA7E-0B3FB8AC3BC3}.Debug|Any CPU.Build.0 = Debug|Any CPU
		{F02E6CCE-1045-4113-BA7E-0B3FB8AC3BC3}.Release|Any CPU.ActiveCfg = Release|Any CPU
		{F02E6CCE-1045-4113-BA7E-0B3FB8AC3BC3}.Release|Any CPU.Build.0 = Release|Any CPU
		{1082E2D3-C8B8-4771-B24B-E84D083CA2FD}.Debug|Any CPU.ActiveCfg = Debug|Any CPU
		{1082E2D3-C8B8-4771-B24B-E84D083CA2FD}.Debug|Any CPU.Build.0 = Debug|Any CPU
		{1082E2D3-C8B8-4771-B24B-E84D083CA2FD}.Release|Any CPU.ActiveCfg = Release|Any CPU
		{1082E2D3-C8B8-4771-B24B-E84D083CA2FD}.Release|Any CPU.Build.0 = Release|Any CPU
		{652E5FE6-1C3C-4D4B-8A66-CC9605C1A6C3}.Debug|Any CPU.ActiveCfg = Debug|Any CPU
		{652E5FE6-1C3C-4D4B-8A66-CC9605C1A6C3}.Debug|Any CPU.Build.0 = Debug|Any CPU
		{652E5FE6-1C3C-4D4B-8A66-CC9605C1A6C3}.Release|Any CPU.ActiveCfg = Release|Any CPU
		{652E5FE6-1C3C-4D4B-8A66-CC9605C1A6C3}.Release|Any CPU.Build.0 = Release|Any CPU
		{135E7A65-E373-455E-8331-A9D91FADF530}.Debug|Any CPU.ActiveCfg = Debug|Any CPU
		{135E7A65-E373-455E-8331-A9D91FADF530}.Debug|Any CPU.Build.0 = Debug|Any CPU
		{135E7A65-E373-455E-8331-A9D91FADF530}.Release|Any CPU.ActiveCfg = Release|Any CPU
		{135E7A65-E373-455E-8331-A9D91FADF530}.Release|Any CPU.Build.0 = Release|Any CPU
		{EBE615A2-713C-49AF-8411-6D722FCC1CA9}.Debug|Any CPU.ActiveCfg = Debug|Any CPU
		{EBE615A2-713C-49AF-8411-6D722FCC1CA9}.Debug|Any CPU.Build.0 = Debug|Any CPU
		{EBE615A2-713C-49AF-8411-6D722FCC1CA9}.Release|Any CPU.ActiveCfg = Release|Any CPU
		{EBE615A2-713C-49AF-8411-6D722FCC1CA9}.Release|Any CPU.Build.0 = Release|Any CPU
		{77827D7F-7EB9-41D2-AC2E-CEF19E1A577B}.Debug|Any CPU.ActiveCfg = Debug|Any CPU
		{77827D7F-7EB9-41D2-AC2E-CEF19E1A577B}.Debug|Any CPU.Build.0 = Debug|Any CPU
		{77827D7F-7EB9-41D2-AC2E-CEF19E1A577B}.Release|Any CPU.ActiveCfg = Release|Any CPU
		{77827D7F-7EB9-41D2-AC2E-CEF19E1A577B}.Release|Any CPU.Build.0 = Release|Any CPU
	EndGlobalSection
	GlobalSection(SolutionProperties) = preSolution
		HideSolutionNode = FALSE
	EndGlobalSection
	GlobalSection(NestedProjects) = preSolution
		{E541A029-E4D0-4AA4-B937-BF5B9CAE5362} = {292EB929-793A-4EF9-8D86-71B2771B38F1}
		{2BC887ED-2AA2-4856-AF6F-AB2E1FF2D50E} = {BFE48C84-8D42-4A99-9BE8-3D9D484C695C}
		{F02E6CCE-1045-4113-BA7E-0B3FB8AC3BC3} = {5C15C5F6-F4D1-4BF5-B0C8-25F4A35E841B}
		{1082E2D3-C8B8-4771-B24B-E84D083CA2FD} = {292EB929-793A-4EF9-8D86-71B2771B38F1}
		{652E5FE6-1C3C-4D4B-8A66-CC9605C1A6C3} = {BFE48C84-8D42-4A99-9BE8-3D9D484C695C}
		{135E7A65-E373-455E-8331-A9D91FADF530} = {5C15C5F6-F4D1-4BF5-B0C8-25F4A35E841B}
		{EBE615A2-713C-49AF-8411-6D722FCC1CA9} = {28976143-DEB6-43BB-ACC8-ED627DB17023}
		{77827D7F-7EB9-41D2-AC2E-CEF19E1A577B} = {28976143-DEB6-43BB-ACC8-ED627DB17023}
	EndGlobalSection
	GlobalSection(ExtensibilityGlobals) = postSolution
		SolutionGuid = {51698EAB-393F-4605-9396-7375F35F8B44}
	EndGlobalSection
EndGlobal
